// !$*UTF8*$!
{
	archiveVersion = 1;
	classes = {
	};
	objectVersion = 50;
	objects = {

/* Begin PBXBuildFile section */
		EA640A0E20A21A6A00ECB569 /* AppDelegate.swift in Sources */ = {isa = PBXBuildFile; fileRef = EA640A0D20A21A6A00ECB569 /* AppDelegate.swift */; };
		EA640A1020A21A6A00ECB569 /* ViewController.swift in Sources */ = {isa = PBXBuildFile; fileRef = EA640A0F20A21A6A00ECB569 /* ViewController.swift */; };
		EA640A1320A21A6A00ECB569 /* Main.storyboard in Resources */ = {isa = PBXBuildFile; fileRef = EA640A1120A21A6A00ECB569 /* Main.storyboard */; };
		EA640A1520A21A6C00ECB569 /* Assets.xcassets in Resources */ = {isa = PBXBuildFile; fileRef = EA640A1420A21A6C00ECB569 /* Assets.xcassets */; };
		EA640A1820A21A6C00ECB569 /* LaunchScreen.storyboard in Resources */ = {isa = PBXBuildFile; fileRef = EA640A1620A21A6C00ECB569 /* LaunchScreen.storyboard */; };
		EA640A2320A21A6C00ECB569 /* StajTakipTests.swift in Sources */ = {isa = PBXBuildFile; fileRef = EA640A2220A21A6C00ECB569 /* StajTakipTests.swift */; };
		EA640A2E20A21A6C00ECB569 /* StajTakipUITests.swift in Sources */ = {isa = PBXBuildFile; fileRef = EA640A2D20A21A6C00ECB569 /* StajTakipUITests.swift */; };
/* End PBXBuildFile section */

/* Begin PBXContainerItemProxy section */
		EA640A1F20A21A6C00ECB569 /* PBXContainerItemProxy */ = {
			isa = PBXContainerItemProxy;
			containerPortal = EA640A0220A21A6A00ECB569 /* Project object */;
			proxyType = 1;
			remoteGlobalIDString = EA640A0920A21A6A00ECB569;
			remoteInfo = StajTakip;
		};
		EA640A2A20A21A6C00ECB569 /* PBXContainerItemProxy */ = {
			isa = PBXContainerItemProxy;
			containerPortal = EA640A0220A21A6A00ECB569 /* Project object */;
			proxyType = 1;
			remoteGlobalIDString = EA640A0920A21A6A00ECB569;
			remoteInfo = StajTakip;
		};
/* End PBXContainerItemProxy section */

/* Begin PBXFileReference section */
		EA640A0A20A21A6A00ECB569 /* StajTakip.app */ = {isa = PBXFileReference; explicitFileType = wrapper.application; includeInIndex = 0; path = StajTakip.app; sourceTree = BUILT_PRODUCTS_DIR; };
		EA640A0D20A21A6A00ECB569 /* AppDelegate.swift */ = {isa = PBXFileReference; lastKnownFileType = sourcecode.swift; path = AppDelegate.swift; sourceTree = "<group>"; };
		EA640A0F20A21A6A00ECB569 /* ViewController.swift */ = {isa = PBXFileReference; lastKnownFileType = sourcecode.swift; path = ViewController.swift; sourceTree = "<group>"; };
		EA640A1220A21A6A00ECB569 /* Base */ = {isa = PBXFileReference; lastKnownFileType = file.storyboard; name = Base; path = Base.lproj/Main.storyboard; sourceTree = "<group>"; };
		EA640A1420A21A6C00ECB569 /* Assets.xcassets */ = {isa = PBXFileReference; lastKnownFileType = folder.assetcatalog; path = Assets.xcassets; sourceTree = "<group>"; };
		EA640A1720A21A6C00ECB569 /* Base */ = {isa = PBXFileReference; lastKnownFileType = file.storyboard; name = Base; path = Base.lproj/LaunchScreen.storyboard; sourceTree = "<group>"; };
		EA640A1920A21A6C00ECB569 /* Info.plist */ = {isa = PBXFileReference; lastKnownFileType = text.plist.xml; path = Info.plist; sourceTree = "<group>"; };
		EA640A1E20A21A6C00ECB569 /* StajTakipTests.xctest */ = {isa = PBXFileReference; explicitFileType = wrapper.cfbundle; includeInIndex = 0; path = StajTakipTests.xctest; sourceTree = BUILT_PRODUCTS_DIR; };
		EA640A2220A21A6C00ECB569 /* StajTakipTests.swift */ = {isa = PBXFileReference; lastKnownFileType = sourcecode.swift; path = StajTakipTests.swift; sourceTree = "<group>"; };
		EA640A2420A21A6C00ECB569 /* Info.plist */ = {isa = PBXFileReference; lastKnownFileType = text.plist.xml; path = Info.plist; sourceTree = "<group>"; };
		EA640A2920A21A6C00ECB569 /* StajTakipUITests.xctest */ = {isa = PBXFileReference; explicitFileType = wrapper.cfbundle; includeInIndex = 0; path = StajTakipUITests.xctest; sourceTree = BUILT_PRODUCTS_DIR; };
		EA640A2D20A21A6C00ECB569 /* StajTakipUITests.swift */ = {isa = PBXFileReference; lastKnownFileType = sourcecode.swift; path = StajTakipUITests.swift; sourceTree = "<group>"; };
		EA640A2F20A21A6C00ECB569 /* Info.plist */ = {isa = PBXFileReference; lastKnownFileType = text.plist.xml; path = Info.plist; sourceTree = "<group>"; };
/* End PBXFileReference section */

/* Begin PBXFrameworksBuildPhase section */
		EA640A0720A21A6A00ECB569 /* Frameworks */ = {
			isa = PBXFrameworksBuildPhase;
			buildActionMask = 2147483647;
			files = (
			);
			runOnlyForDeploymentPostprocessing = 0;
		};
		EA640A1B20A21A6C00ECB569 /* Frameworks */ = {
			isa = PBXFrameworksBuildPhase;
			buildActionMask = 2147483647;
			files = (
			);
			runOnlyForDeploymentPostprocessing = 0;
		};
		EA640A2620A21A6C00ECB569 /* Frameworks */ = {
			isa = PBXFrameworksBuildPhase;
			buildActionMask = 2147483647;
			files = (
			);
			runOnlyForDeploymentPostprocessing = 0;
		};
/* End PBXFrameworksBuildPhase section */

/* Begin PBXGroup section */
		EA640A0120A21A6A00ECB569 = {
			isa = PBXGroup;
			children = (
				EA640A0C20A21A6A00ECB569 /* StajTakip */,
				EA640A2120A21A6C00ECB569 /* StajTakipTests */,
				EA640A2C20A21A6C00ECB569 /* StajTakipUITests */,
				EA640A0B20A21A6A00ECB569 /* Products */,
			);
			sourceTree = "<group>";
		};
		EA640A0B20A21A6A00ECB569 /* Products */ = {
			isa = PBXGroup;
			children = (
				EA640A0A20A21A6A00ECB569 /* StajTakip.app */,
				EA640A1E20A21A6C00ECB569 /* StajTakipTests.xctest */,
				EA640A2920A21A6C00ECB569 /* StajTakipUITests.xctest */,
			);
			name = Products;
			sourceTree = "<group>";
		};
		EA640A0C20A21A6A00ECB569 /* StajTakip */ = {
			isa = PBXGroup;
			children = (
				EA640A0D20A21A6A00ECB569 /* AppDelegate.swift */,
				EA640A0F20A21A6A00ECB569 /* ViewController.swift */,
				EA640A1120A21A6A00ECB569 /* Main.storyboard */,
				EA640A1420A21A6C00ECB569 /* Assets.xcassets */,
				EA640A1620A21A6C00ECB569 /* LaunchScreen.storyboard */,
				EA640A1920A21A6C00ECB569 /* Info.plist */,
			);
			path = StajTakip;
			sourceTree = "<group>";
		};
		EA640A2120A21A6C00ECB569 /* StajTakipTests */ = {
			isa = PBXGroup;
			children = (
				EA640A2220A21A6C00ECB569 /* StajTakipTests.swift */,
				EA640A2420A21A6C00ECB569 /* Info.plist */,
			);
			path = StajTakipTests;
			sourceTree = "<group>";
		};
		EA640A2C20A21A6C00ECB569 /* StajTakipUITests */ = {
			isa = PBXGroup;
			children = (
				EA640A2D20A21A6C00ECB569 /* StajTakipUITests.swift */,
				EA640A2F20A21A6C00ECB569 /* Info.plist */,
			);
			path = StajTakipUITests;
			sourceTree = "<group>";
		};
/* End PBXGroup section */

/* Begin PBXNativeTarget section */
		EA640A0920A21A6A00ECB569 /* StajTakip */ = {
			isa = PBXNativeTarget;
			buildConfigurationList = EA640A3220A21A6C00ECB569 /* Build configuration list for PBXNativeTarget "StajTakip" */;
			buildPhases = (
				EA640A0620A21A6A00ECB569 /* Sources */,
				EA640A0720A21A6A00ECB569 /* Frameworks */,
				EA640A0820A21A6A00ECB569 /* Resources */,
			);
			buildRules = (
			);
			dependencies = (
			);
			name = StajTakip;
			productName = StajTakip;
			productReference = EA640A0A20A21A6A00ECB569 /* StajTakip.app */;
			productType = "com.apple.product-type.application";
		};
		EA640A1D20A21A6C00ECB569 /* StajTakipTests */ = {
			isa = PBXNativeTarget;
			buildConfigurationList = EA640A3520A21A6C00ECB569 /* Build configuration list for PBXNativeTarget "StajTakipTests" */;
			buildPhases = (
				EA640A1A20A21A6C00ECB569 /* Sources */,
				EA640A1B20A21A6C00ECB569 /* Frameworks */,
				EA640A1C20A21A6C00ECB569 /* Resources */,
			);
			buildRules = (
			);
			dependencies = (
				EA640A2020A21A6C00ECB569 /* PBXTargetDependency */,
			);
			name = StajTakipTests;
			productName = StajTakipTests;
			productReference = EA640A1E20A21A6C00ECB569 /* StajTakipTests.xctest */;
			productType = "com.apple.product-type.bundle.unit-test";
		};
		EA640A2820A21A6C00ECB569 /* StajTakipUITests */ = {
			isa = PBXNativeTarget;
			buildConfigurationList = EA640A3820A21A6C00ECB569 /* Build configuration list for PBXNativeTarget "StajTakipUITests" */;
			buildPhases = (
				EA640A2520A21A6C00ECB569 /* Sources */,
				EA640A2620A21A6C00ECB569 /* Frameworks */,
				EA640A2720A21A6C00ECB569 /* Resources */,
			);
			buildRules = (
			);
			dependencies = (
				EA640A2B20A21A6C00ECB569 /* PBXTargetDependency */,
			);
			name = StajTakipUITests;
			productName = StajTakipUITests;
			productReference = EA640A2920A21A6C00ECB569 /* StajTakipUITests.xctest */;
			productType = "com.apple.product-type.bundle.ui-testing";
		};
/* End PBXNativeTarget section */

/* Begin PBXProject section */
		EA640A0220A21A6A00ECB569 /* Project object */ = {
			isa = PBXProject;
			attributes = {
				LastSwiftUpdateCheck = 0930;
				LastUpgradeCheck = 0930;
				ORGANIZATIONNAME = "Serhan Akyol";
				TargetAttributes = {
					EA640A0920A21A6A00ECB569 = {
						CreatedOnToolsVersion = 9.3;
					};
					EA640A1D20A21A6C00ECB569 = {
						CreatedOnToolsVersion = 9.3;
						TestTargetID = EA640A0920A21A6A00ECB569;
					};
					EA640A2820A21A6C00ECB569 = {
						CreatedOnToolsVersion = 9.3;
						TestTargetID = EA640A0920A21A6A00ECB569;
					};
				};
			};
			buildConfigurationList = EA640A0520A21A6A00ECB569 /* Build configuration list for PBXProject "StajTakip" */;
			compatibilityVersion = "Xcode 9.3";
			developmentRegion = en;
			hasScannedForEncodings = 0;
			knownRegions = (
				en,
				Base,
			);
			mainGroup = EA640A0120A21A6A00ECB569;
			productRefGroup = EA640A0B20A21A6A00ECB569 /* Products */;
			projectDirPath = "";
			projectRoot = "";
			targets = (
				EA640A0920A21A6A00ECB569 /* StajTakip */,
				EA640A1D20A21A6C00ECB569 /* StajTakipTests */,
				EA640A2820A21A6C00ECB569 /* StajTakipUITests */,
			);
		};
/* End PBXProject section */

/* Begin PBXResourcesBuildPhase section */
		EA640A0820A21A6A00ECB569 /* Resources */ = {
			isa = PBXResourcesBuildPhase;
			buildActionMask = 2147483647;
			files = (
				EA640A1820A21A6C00ECB569 /* LaunchScreen.storyboard in Resources */,
				EA640A1520A21A6C00ECB569 /* Assets.xcassets in Resources */,
				EA640A1320A21A6A00ECB569 /* Main.storyboard in Resources */,
			);
			runOnlyForDeploymentPostprocessing = 0;
		};
		EA640A1C20A21A6C00ECB569 /* Resources */ = {
			isa = PBXResourcesBuildPhase;
			buildActionMask = 2147483647;
			files = (
			);
			runOnlyForDeploymentPostprocessing = 0;
		};
		EA640A2720A21A6C00ECB569 /* Resources */ = {
			isa = PBXResourcesBuildPhase;
			buildActionMask = 2147483647;
			files = (
			);
			runOnlyForDeploymentPostprocessing = 0;
		};
/* End PBXResourcesBuildPhase section */

/* Begin PBXSourcesBuildPhase section */
		EA640A0620A21A6A00ECB569 /* Sources */ = {
			isa = PBXSourcesBuildPhase;
			buildActionMask = 2147483647;
			files = (
				EA640A1020A21A6A00ECB569 /* ViewController.swift in Sources */,
				EA640A0E20A21A6A00ECB569 /* AppDelegate.swift in Sources */,
			);
			runOnlyForDeploymentPostprocessing = 0;
		};
		EA640A1A20A21A6C00ECB569 /* Sources */ = {
			isa = PBXSourcesBuildPhase;
			buildActionMask = 2147483647;
			files = (
				EA640A2320A21A6C00ECB569 /* StajTakipTests.swift in Sources */,
			);
			runOnlyForDeploymentPostprocessing = 0;
		};
		EA640A2520A21A6C00ECB569 /* Sources */ = {
			isa = PBXSourcesBuildPhase;
			buildActionMask = 2147483647;
			files = (
				EA640A2E20A21A6C00ECB569 /* StajTakipUITests.swift in Sources */,
			);
			runOnlyForDeploymentPostprocessing = 0;
		};
/* End PBXSourcesBuildPhase section */

/* Begin PBXTargetDependency section */
		EA640A2020A21A6C00ECB569 /* PBXTargetDependency */ = {
			isa = PBXTargetDependency;
			target = EA640A0920A21A6A00ECB569 /* StajTakip */;
			targetProxy = EA640A1F20A21A6C00ECB569 /* PBXContainerItemProxy */;
		};
		EA640A2B20A21A6C00ECB569 /* PBXTargetDependency */ = {
			isa = PBXTargetDependency;
			target = EA640A0920A21A6A00ECB569 /* StajTakip */;
			targetProxy = EA640A2A20A21A6C00ECB569 /* PBXContainerItemProxy */;
		};
/* End PBXTargetDependency section */

/* Begin PBXVariantGroup section */
		EA640A1120A21A6A00ECB569 /* Main.storyboard */ = {
			isa = PBXVariantGroup;
			children = (
				EA640A1220A21A6A00ECB569 /* Base */,
			);
			name = Main.storyboard;
			sourceTree = "<group>";
		};
		EA640A1620A21A6C00ECB569 /* LaunchScreen.storyboard */ = {
			isa = PBXVariantGroup;
			children = (
				EA640A1720A21A6C00ECB569 /* Base */,
			);
			name = LaunchScreen.storyboard;
			sourceTree = "<group>";
		};
/* End PBXVariantGroup section */

/* Begin XCBuildConfiguration section */
		EA640A3020A21A6C00ECB569 /* Debug */ = {
			isa = XCBuildConfiguration;
			buildSettings = {
				ALWAYS_SEARCH_USER_PATHS = NO;
				CLANG_ANALYZER_NONNULL = YES;
				CLANG_ANALYZER_NUMBER_OBJECT_CONVERSION = YES_AGGRESSIVE;
				CLANG_CXX_LANGUAGE_STANDARD = "gnu++14";
				CLANG_CXX_LIBRARY = "libc++";
				CLANG_ENABLE_MODULES = YES;
				CLANG_ENABLE_OBJC_ARC = YES;
				CLANG_ENABLE_OBJC_WEAK = YES;
				CLANG_WARN_BLOCK_CAPTURE_AUTORELEASING = YES;
				CLANG_WARN_BOOL_CONVERSION = YES;
				CLANG_WARN_COMMA = YES;
				CLANG_WARN_CONSTANT_CONVERSION = YES;
				CLANG_WARN_DEPRECATED_OBJC_IMPLEMENTATIONS = YES;
				CLANG_WARN_DIRECT_OBJC_ISA_USAGE = YES_ERROR;
				CLANG_WARN_DOCUMENTATION_COMMENTS = YES;
				CLANG_WARN_EMPTY_BODY = YES;
				CLANG_WARN_ENUM_CONVERSION = YES;
				CLANG_WARN_INFINITE_RECURSION = YES;
				CLANG_WARN_INT_CONVERSION = YES;
				CLANG_WARN_NON_LITERAL_NULL_CONVERSION = YES;
				CLANG_WARN_OBJC_IMPLICIT_RETAIN_SELF = YES;
				CLANG_WARN_OBJC_LITERAL_CONVERSION = YES;
				CLANG_WARN_OBJC_ROOT_CLASS = YES_ERROR;
				CLANG_WARN_RANGE_LOOP_ANALYSIS = YES;
				CLANG_WARN_STRICT_PROTOTYPES = YES;
				CLANG_WARN_SUSPICIOUS_MOVE = YES;
				CLANG_WARN_UNGUARDED_AVAILABILITY = YES_AGGRESSIVE;
				CLANG_WARN_UNREACHABLE_CODE = YES;
				CLANG_WARN__DUPLICATE_METHOD_MATCH = YES;
				CODE_SIGN_IDENTITY = "iPhone Developer";
				COPY_PHASE_STRIP = NO;
				DEBUG_INFORMATION_FORMAT = dwarf;
				ENABLE_STRICT_OBJC_MSGSEND = YES;
				ENABLE_TESTABILITY = YES;
				GCC_C_LANGUAGE_STANDARD = gnu11;
				GCC_DYNAMIC_NO_PIC = NO;
				GCC_NO_COMMON_BLOCKS = YES;
				GCC_OPTIMIZATION_LEVEL = 0;
				GCC_PREPROCESSOR_DEFINITIONS = (
					"DEBUG=1",
					"$(inherited)",
				);
				GCC_WARN_64_TO_32_BIT_CONVERSION = YES;
				GCC_WARN_ABOUT_RETURN_TYPE = YES_ERROR;
				GCC_WARN_UNDECLARED_SELECTOR = YES;
				GCC_WARN_UNINITIALIZED_AUTOS = YES_AGGRESSIVE;
				GCC_WARN_UNUSED_FUNCTION = YES;
				GCC_WARN_UNUSED_VARIABLE = YES;
				IPHONEOS_DEPLOYMENT_TARGET = 11.3;
				MTL_ENABLE_DEBUG_INFO = YES;
				ONLY_ACTIVE_ARCH = YES;
				SDKROOT = iphoneos;
				SWIFT_ACTIVE_COMPILATION_CONDITIONS = DEBUG;
				SWIFT_OPTIMIZATION_LEVEL = "-Onone";
			};
			name = Debug;
		};
		EA640A3120A21A6C00ECB569 /* Release */ = {
			isa = XCBuildConfiguration;
			buildSettings = {
				ALWAYS_SEARCH_USER_PATHS = NO;
				CLANG_ANALYZER_NONNULL = YES;
				CLANG_ANALYZER_NUMBER_OBJECT_CONVERSION = YES_AGGRESSIVE;
				CLANG_CXX_LANGUAGE_STANDARD = "gnu++14";
				CLANG_CXX_LIBRARY = "libc++";
				CLANG_ENABLE_MODULES = YES;
				CLANG_ENABLE_OBJC_ARC = YES;
				CLANG_ENABLE_OBJC_WEAK = YES;
				CLANG_WARN_BLOCK_CAPTURE_AUTORELEASING = YES;
				CLANG_WARN_BOOL_CONVERSION = YES;
				CLANG_WARN_COMMA = YES;
				CLANG_WARN_CONSTANT_CONVERSION = YES;
				CLANG_WARN_DEPRECATED_OBJC_IMPLEMENTATIONS = YES;
				CLANG_WARN_DIRECT_OBJC_ISA_USAGE = YES_ERROR;
				CLANG_WARN_DOCUMENTATION_COMMENTS = YES;
				CLANG_WARN_EMPTY_BODY = YES;
				CLANG_WARN_ENUM_CONVERSION = YES;
				CLANG_WARN_INFINITE_RECURSION = YES;
				CLANG_WARN_INT_CONVERSION = YES;
				CLANG_WARN_NON_LITERAL_NULL_CONVERSION = YES;
				CLANG_WARN_OBJC_IMPLICIT_RETAIN_SELF = YES;
				CLANG_WARN_OBJC_LITERAL_CONVERSION = YES;
				CLANG_WARN_OBJC_ROOT_CLASS = YES_ERROR;
				CLANG_WARN_RANGE_LOOP_ANALYSIS = YES;
				CLANG_WARN_STRICT_PROTOTYPES = YES;
				CLANG_WARN_SUSPICIOUS_MOVE = YES;
				CLANG_WARN_UNGUARDED_AVAILABILITY = YES_AGGRESSIVE;
				CLANG_WARN_UNREACHABLE_CODE = YES;
				CLANG_WARN__DUPLICATE_METHOD_MATCH = YES;
				CODE_SIGN_IDENTITY = "iPhone Developer";
				COPY_PHASE_STRIP = NO;
				DEBUG_INFORMATION_FORMAT = "dwarf-with-dsym";
				ENABLE_NS_ASSERTIONS = NO;
				ENABLE_STRICT_OBJC_MSGSEND = YES;
				GCC_C_LANGUAGE_STANDARD = gnu11;
				GCC_NO_COMMON_BLOCKS = YES;
				GCC_WARN_64_TO_32_BIT_CONVERSION = YES;
				GCC_WARN_ABOUT_RETURN_TYPE = YES_ERROR;
				GCC_WARN_UNDECLARED_SELECTOR = YES;
				GCC_WARN_UNINITIALIZED_AUTOS = YES_AGGRESSIVE;
				GCC_WARN_UNUSED_FUNCTION = YES;
				GCC_WARN_UNUSED_VARIABLE = YES;
				IPHONEOS_DEPLOYMENT_TARGET = 11.3;
				MTL_ENABLE_DEBUG_INFO = NO;
				SDKROOT = iphoneos;
				SWIFT_COMPILATION_MODE = wholemodule;
				SWIFT_OPTIMIZATION_LEVEL = "-O";
				VALIDATE_PRODUCT = YES;
			};
			name = Release;
		};
		EA640A3320A21A6C00ECB569 /* Debug */ = {
			isa = XCBuildConfiguration;
			buildSettings = {
				ASSETCATALOG_COMPILER_APPICON_NAME = AppIcon;
				CODE_SIGN_STYLE = Automatic;
				DEVELOPMENT_TEAM = AWRNV5ZRTP;
				INFOPLIST_FILE = StajTakip/Info.plist;
				LD_RUNPATH_SEARCH_PATHS = (
					"$(inherited)",
					"@executable_path/Frameworks",
				);
				PRODUCT_BUNDLE_IDENTIFIER = com.serhanakyol.StajTakip;
				PRODUCT_NAME = "$(TARGET_NAME)";
				SWIFT_VERSION = 4.0;
				TARGETED_DEVICE_FAMILY = "1,2";
			};
			name = Debug;
		};
		EA640A3420A21A6C00ECB569 /* Release */ = {
			isa = XCBuildConfiguration;
			buildSettings = {
				ASSETCATALOG_COMPILER_APPICON_NAME = AppIcon;
				CODE_SIGN_STYLE = Automatic;
				DEVELOPMENT_TEAM = AWRNV5ZRTP;
				INFOPLIST_FILE = StajTakip/Info.plist;
				LD_RUNPATH_SEARCH_PATHS = (
					"$(inherited)",
					"@executable_path/Frameworks",
				);
				PRODUCT_BUNDLE_IDENTIFIER = com.serhanakyol.StajTakip;
				PRODUCT_NAME = "$(TARGET_NAME)";
				SWIFT_VERSION = 4.0;
				TARGETED_DEVICE_FAMILY = "1,2";
			};
			name = Release;
		};
		EA640A3620A21A6C00ECB569 /* Debug */ = {
			isa = XCBuildConfiguration;
			buildSettings = {
				ALWAYS_EMBED_SWIFT_STANDARD_LIBRARIES = YES;
				BUNDLE_LOADER = "$(TEST_HOST)";
				CODE_SIGN_STYLE = Automatic;
				DEVELOPMENT_TEAM = AWRNV5ZRTP;
				INFOPLIST_FILE = StajTakipTests/Info.plist;
				LD_RUNPATH_SEARCH_PATHS = (
					"$(inherited)",
					"@executable_path/Frameworks",
					"@loader_path/Frameworks",
				);
				PRODUCT_BUNDLE_IDENTIFIER = com.serhanakyol.StajTakipTests;
				PRODUCT_NAME = "$(TARGET_NAME)";
				SWIFT_VERSION = 4.0;
				TARGETED_DEVICE_FAMILY = "1,2";
				TEST_HOST = "$(BUILT_PRODUCTS_DIR)/StajTakip.app/StajTakip";
			};
			name = Debug;
		};
		EA640A3720A21A6C00ECB569 /* Release */ = {
			isa = XCBuildConfiguration;
			buildSettings = {
				ALWAYS_EMBED_SWIFT_STANDARD_LIBRARIES = YES;
				BUNDLE_LOADER = "$(TEST_HOST)";
				CODE_SIGN_STYLE = Automatic;
				DEVELOPMENT_TEAM = AWRNV5ZRTP;
				INFOPLIST_FILE = StajTakipTests/Info.plist;
				LD_RUNPATH_SEARCH_PATHS = (
					"$(inherited)",
					"@executable_path/Frameworks",
					"@loader_path/Frameworks",
				);
				PRODUCT_BUNDLE_IDENTIFIER = com.serhanakyol.StajTakipTests;
				PRODUCT_NAME = "$(TARGET_NAME)";
				SWIFT_VERSION = 4.0;
				TARGETED_DEVICE_FAMILY = "1,2";
				TEST_HOST = "$(BUILT_PRODUCTS_DIR)/StajTakip.app/StajTakip";
			};
			name = Release;
		};
		EA640A3920A21A6C00ECB569 /* Debug */ = {
			isa = XCBuildConfiguration;
			buildSettings = {
				ALWAYS_EMBED_SWIFT_STANDARD_LIBRARIES = YES;
				CODE_SIGN_STYLE = Automatic;
				DEVELOPMENT_TEAM = AWRNV5ZRTP;
				INFOPLIST_FILE = StajTakipUITests/Info.plist;
				LD_RUNPATH_SEARCH_PATHS = (
					"$(inherited)",
					"@executable_path/Frameworks",
					"@loader_path/Frameworks",
				);
				PRODUCT_BUNDLE_IDENTIFIER = com.serhanakyol.StajTakipUITests;
				PRODUCT_NAME = "$(TARGET_NAME)";
				SWIFT_VERSION = 4.0;
				TARGETED_DEVICE_FAMILY = "1,2";
				TEST_TARGET_NAME = StajTakip;
			};
			name = Debug;
		};
		EA640A3A20A21A6C00ECB569 /* Release */ = {
			isa = XCBuildConfiguration;
			buildSettings = {
				ALWAYS_EMBED_SWIFT_STANDARD_LIBRARIES = YES;
				CODE_SIGN_STYLE = Automatic;
				DEVELOPMENT_TEAM = AWRNV5ZRTP;
				INFOPLIST_FILE = StajTakipUITests/Info.plist;
				LD_RUNPATH_SEARCH_PATHS = (
					"$(inherited)",
					"@executable_path/Frameworks",
					"@loader_path/Frameworks",
				);
				PRODUCT_BUNDLE_IDENTIFIER = com.serhanakyol.StajTakipUITests;
				PRODUCT_NAME = "$(TARGET_NAME)";
				SWIFT_VERSION = 4.0;
				TARGETED_DEVICE_FAMILY = "1,2";
				TEST_TARGET_NAME = StajTakip;
			};
			name = Release;
		};
/* End XCBuildConfiguration section */

/* Begin XCConfigurationList section */
		EA640A0520A21A6A00ECB569 /* Build configuration list for PBXProject "StajTakip" */ = {
			isa = XCConfigurationList;
			buildConfigurations = (
				EA640A3020A21A6C00ECB569 /* Debug */,
				EA640A3120A21A6C00ECB569 /* Release */,
			);
			defaultConfigurationIsVisible = 0;
			defaultConfigurationName = Release;
		};
		EA640A3220A21A6C00ECB569 /* Build configuration list for PBXNativeTarget "StajTakip" */ = {
			isa = XCConfigurationList;
			buildConfigurations = (
				EA640A3320A21A6C00ECB569 /* Debug */,
				EA640A3420A21A6C00ECB569 /* Release */,
			);
			defaultConfigurationIsVisible = 0;
			defaultConfigurationName = Release;
		};
		EA640A3520A21A6C00ECB569 /* Build configuration list for PBXNativeTarget "StajTakipTests" */ = {
			isa = XCConfigurationList;
			buildConfigurations = (
				EA640A3620A21A6C00ECB569 /* Debug */,
				EA640A3720A21A6C00ECB569 /* Release */,
			);
			defaultConfigurationIsVisible = 0;
			defaultConfigurationName = Release;
		};
		EA640A3820A21A6C00ECB569 /* Build configuration list for PBXNativeTarget "StajTakipUITests" */ = {
			isa = XCConfigurationList;
			buildConfigurations = (
				EA640A3920A21A6C00ECB569 /* Debug */,
				EA640A3A20A21A6C00ECB569 /* Release */,
			);
			defaultConfigurationIsVisible = 0;
			defaultConfigurationName = Release;
		};
/* End XCConfigurationList section */
	};
	rootObject = EA640A0220A21A6A00ECB569 /* Project object */;
}
